// !$*UTF8*$!
{
	archiveVersion = 1;
	classes = {
	};
	objectVersion = 46;
	objects = {

/* Begin PBXBuildFile section */
		175F71DE1A3B21E90039B5F3 /* main.m in Sources */ = {isa = PBXBuildFile; fileRef = 175F71DD1A3B21E90039B5F3 /* main.m */; };
		175F71E11A3B21E90039B5F3 /* AppDelegate.m in Sources */ = {isa = PBXBuildFile; fileRef = 175F71E01A3B21E90039B5F3 /* AppDelegate.m */; };
		175F71E41A3B21E90039B5F3 /* puzzle.xcdatamodeld in Sources */ = {isa = PBXBuildFile; fileRef = 175F71E21A3B21E90039B5F3 /* puzzle.xcdatamodeld */; };
		175F71E71A3B21E90039B5F3 /* ViewController.m in Sources */ = {isa = PBXBuildFile; fileRef = 175F71E61A3B21E90039B5F3 /* ViewController.m */; };
		175F71EA1A3B21E90039B5F3 /* Main.storyboard in Resources */ = {isa = PBXBuildFile; fileRef = 175F71E81A3B21E90039B5F3 /* Main.storyboard */; };
		175F71EC1A3B21E90039B5F3 /* Images.xcassets in Resources */ = {isa = PBXBuildFile; fileRef = 175F71EB1A3B21E90039B5F3 /* Images.xcassets */; };
		175F71EF1A3B21E90039B5F3 /* LaunchScreen.xib in Resources */ = {isa = PBXBuildFile; fileRef = 175F71ED1A3B21E90039B5F3 /* LaunchScreen.xib */; };
		175F71FB1A3B21E90039B5F3 /* puzzleTests.m in Sources */ = {isa = PBXBuildFile; fileRef = 175F71FA1A3B21E90039B5F3 /* puzzleTests.m */; };
		175F72091A3B22310039B5F3 /* Const.m in Sources */ = {isa = PBXBuildFile; fileRef = 175F72081A3B22310039B5F3 /* Const.m */; };
		175F72141A3B4C900039B5F3 /* StageModel.m in Sources */ = {isa = PBXBuildFile; fileRef = 175F72131A3B4C900039B5F3 /* StageModel.m */; };
		175F72171A3B4CA50039B5F3 /* TurnBlockModel.m in Sources */ = {isa = PBXBuildFile; fileRef = 175F72161A3B4CA50039B5F3 /* TurnBlockModel.m */; };
		177741F41A4175040036EA01 /* target4.png in Resources */ = {isa = PBXBuildFile; fileRef = 177741F31A4175040036EA01 /* target4.png */; };
		177742001A4178050036EA01 /* Simple-Line-Icons-full_03.png in Resources */ = {isa = PBXBuildFile; fileRef = 177741FF1A4178050036EA01 /* Simple-Line-Icons-full_03.png */; };
		177742021A41882D0036EA01 /* Simple-Line-Icons-Set-Vol2-full_07.png in Resources */ = {isa = PBXBuildFile; fileRef = 177742011A41882D0036EA01 /* Simple-Line-Icons-Set-Vol2-full_07.png */; };
		177C99821A3DE71F006D1569 /* UIColor+Hex.m in Sources */ = {isa = PBXBuildFile; fileRef = 177C99811A3DE71F006D1569 /* UIColor+Hex.m */; };
		177C99861A3DF437006D1569 /* 20081.png in Resources */ = {isa = PBXBuildFile; fileRef = 177C99851A3DF437006D1569 /* 20081.png */; };
/* End PBXBuildFile section */

/* Begin PBXContainerItemProxy section */
		175F71F51A3B21E90039B5F3 /* PBXContainerItemProxy */ = {
			isa = PBXContainerItemProxy;
			containerPortal = 175F71D01A3B21E80039B5F3 /* Project object */;
			proxyType = 1;
			remoteGlobalIDString = 175F71D71A3B21E90039B5F3;
			remoteInfo = puzzle;
		};
/* End PBXContainerItemProxy section */

/* Begin PBXFileReference section */
		175F71D81A3B21E90039B5F3 /* puzzle.app */ = {isa = PBXFileReference; explicitFileType = wrapper.application; includeInIndex = 0; path = puzzle.app; sourceTree = BUILT_PRODUCTS_DIR; };
		175F71DC1A3B21E90039B5F3 /* Info.plist */ = {isa = PBXFileReference; lastKnownFileType = text.plist.xml; path = Info.plist; sourceTree = "<group>"; };
		175F71DD1A3B21E90039B5F3 /* main.m */ = {isa = PBXFileReference; lastKnownFileType = sourcecode.c.objc; path = main.m; sourceTree = "<group>"; };
		175F71DF1A3B21E90039B5F3 /* AppDelegate.h */ = {isa = PBXFileReference; lastKnownFileType = sourcecode.c.h; path = AppDelegate.h; sourceTree = "<group>"; };
		175F71E01A3B21E90039B5F3 /* AppDelegate.m */ = {isa = PBXFileReference; lastKnownFileType = sourcecode.c.objc; path = AppDelegate.m; sourceTree = "<group>"; };
		175F71E31A3B21E90039B5F3 /* puzzle.xcdatamodel */ = {isa = PBXFileReference; lastKnownFileType = wrapper.xcdatamodel; path = puzzle.xcdatamodel; sourceTree = "<group>"; };
		175F71E51A3B21E90039B5F3 /* ViewController.h */ = {isa = PBXFileReference; lastKnownFileType = sourcecode.c.h; path = ViewController.h; sourceTree = "<group>"; };
		175F71E61A3B21E90039B5F3 /* ViewController.m */ = {isa = PBXFileReference; lastKnownFileType = sourcecode.c.objc; path = ViewController.m; sourceTree = "<group>"; };
		175F71E91A3B21E90039B5F3 /* Base */ = {isa = PBXFileReference; lastKnownFileType = file.storyboard; name = Base; path = Base.lproj/Main.storyboard; sourceTree = "<group>"; };
		175F71EB1A3B21E90039B5F3 /* Images.xcassets */ = {isa = PBXFileReference; lastKnownFileType = folder.assetcatalog; path = Images.xcassets; sourceTree = "<group>"; };
		175F71EE1A3B21E90039B5F3 /* Base */ = {isa = PBXFileReference; lastKnownFileType = file.xib; name = Base; path = Base.lproj/LaunchScreen.xib; sourceTree = "<group>"; };
		175F71F41A3B21E90039B5F3 /* puzzleTests.xctest */ = {isa = PBXFileReference; explicitFileType = wrapper.cfbundle; includeInIndex = 0; path = puzzleTests.xctest; sourceTree = BUILT_PRODUCTS_DIR; };
		175F71F91A3B21E90039B5F3 /* Info.plist */ = {isa = PBXFileReference; lastKnownFileType = text.plist.xml; path = Info.plist; sourceTree = "<group>"; };
		175F71FA1A3B21E90039B5F3 /* puzzleTests.m */ = {isa = PBXFileReference; lastKnownFileType = sourcecode.c.objc; path = puzzleTests.m; sourceTree = "<group>"; };
		175F72071A3B22310039B5F3 /* Const.h */ = {isa = PBXFileReference; fileEncoding = 4; lastKnownFileType = sourcecode.c.h; path = Const.h; sourceTree = "<group>"; };
		175F72081A3B22310039B5F3 /* Const.m */ = {isa = PBXFileReference; fileEncoding = 4; lastKnownFileType = sourcecode.c.objc; path = Const.m; sourceTree = "<group>"; };
		175F72121A3B4C900039B5F3 /* StageModel.h */ = {isa = PBXFileReference; fileEncoding = 4; lastKnownFileType = sourcecode.c.h; path = StageModel.h; sourceTree = "<group>"; };
		175F72131A3B4C900039B5F3 /* StageModel.m */ = {isa = PBXFileReference; fileEncoding = 4; lastKnownFileType = sourcecode.c.objc; path = StageModel.m; sourceTree = "<group>"; };
		175F72151A3B4CA50039B5F3 /* TurnBlockModel.h */ = {isa = PBXFileReference; fileEncoding = 4; lastKnownFileType = sourcecode.c.h; path = TurnBlockModel.h; sourceTree = "<group>"; };
		175F72161A3B4CA50039B5F3 /* TurnBlockModel.m */ = {isa = PBXFileReference; fileEncoding = 4; lastKnownFileType = sourcecode.c.objc; path = TurnBlockModel.m; sourceTree = "<group>"; };
		177741F31A4175040036EA01 /* target4.png */ = {isa = PBXFileReference; lastKnownFileType = image.png; path = target4.png; sourceTree = "<group>"; };
		177741FF1A4178050036EA01 /* Simple-Line-Icons-full_03.png */ = {isa = PBXFileReference; lastKnownFileType = image.png; path = "Simple-Line-Icons-full_03.png"; sourceTree = "<group>"; };
		177742011A41882D0036EA01 /* Simple-Line-Icons-Set-Vol2-full_07.png */ = {isa = PBXFileReference; lastKnownFileType = image.png; path = "Simple-Line-Icons-Set-Vol2-full_07.png"; sourceTree = "<group>"; };
		177C99801A3DE71F006D1569 /* UIColor+Hex.h */ = {isa = PBXFileReference; fileEncoding = 4; lastKnownFileType = sourcecode.c.h; path = "UIColor+Hex.h"; sourceTree = "<group>"; };
		177C99811A3DE71F006D1569 /* UIColor+Hex.m */ = {isa = PBXFileReference; fileEncoding = 4; lastKnownFileType = sourcecode.c.objc; path = "UIColor+Hex.m"; sourceTree = "<group>"; };
		177C99851A3DF437006D1569 /* 20081.png */ = {isa = PBXFileReference; lastKnownFileType = image.png; path = 20081.png; sourceTree = "<group>"; };
/* End PBXFileReference section */

/* Begin PBXFrameworksBuildPhase section */
		175F71D51A3B21E90039B5F3 /* Frameworks */ = {
			isa = PBXFrameworksBuildPhase;
			buildActionMask = 2147483647;
			files = (
			);
			runOnlyForDeploymentPostprocessing = 0;
		};
		175F71F11A3B21E90039B5F3 /* Frameworks */ = {
			isa = PBXFrameworksBuildPhase;
			buildActionMask = 2147483647;
			files = (
			);
			runOnlyForDeploymentPostprocessing = 0;
		};
/* End PBXFrameworksBuildPhase section */

/* Begin PBXGroup section */
		175F71CF1A3B21E80039B5F3 = {
			isa = PBXGroup;
			children = (
				175F71DA1A3B21E90039B5F3 /* puzzle */,
				175F71F71A3B21E90039B5F3 /* puzzleTests */,
				175F71D91A3B21E90039B5F3 /* Products */,
			);
			sourceTree = "<group>";
		};
		175F71D91A3B21E90039B5F3 /* Products */ = {
			isa = PBXGroup;
			children = (
				175F71D81A3B21E90039B5F3 /* puzzle.app */,
				175F71F41A3B21E90039B5F3 /* puzzleTests.xctest */,
			);
			name = Products;
			sourceTree = "<group>";
		};
		175F71DA1A3B21E90039B5F3 /* puzzle */ = {
			isa = PBXGroup;
			children = (
				175F720E1A3B4B8E0039B5F3 /* Setting */,
				175F720D1A3B4B6A0039B5F3 /* PazzleView */,
				175F71E81A3B21E90039B5F3 /* Main.storyboard */,
				175F71EB1A3B21E90039B5F3 /* Images.xcassets */,
				177C99841A3DF422006D1569 /* datafile */,
				175F71ED1A3B21E90039B5F3 /* LaunchScreen.xib */,
				175F71E21A3B21E90039B5F3 /* puzzle.xcdatamodeld */,
				175F71DB1A3B21E90039B5F3 /* Supporting Files */,
			);
			path = puzzle;
			sourceTree = "<group>";
		};
		175F71DB1A3B21E90039B5F3 /* Supporting Files */ = {
			isa = PBXGroup;
			children = (
				175F71DC1A3B21E90039B5F3 /* Info.plist */,
				175F71DD1A3B21E90039B5F3 /* main.m */,
			);
			name = "Supporting Files";
			sourceTree = "<group>";
		};
		175F71F71A3B21E90039B5F3 /* puzzleTests */ = {
			isa = PBXGroup;
			children = (
				175F71FA1A3B21E90039B5F3 /* puzzleTests.m */,
				175F71F81A3B21E90039B5F3 /* Supporting Files */,
			);
			path = puzzleTests;
			sourceTree = "<group>";
		};
		175F71F81A3B21E90039B5F3 /* Supporting Files */ = {
			isa = PBXGroup;
			children = (
				175F71F91A3B21E90039B5F3 /* Info.plist */,
			);
			name = "Supporting Files";
			sourceTree = "<group>";
		};
		175F720D1A3B4B6A0039B5F3 /* PazzleView */ = {
			isa = PBXGroup;
			children = (
				175F71E51A3B21E90039B5F3 /* ViewController.h */,
				175F71E61A3B21E90039B5F3 /* ViewController.m */,
				175F72121A3B4C900039B5F3 /* StageModel.h */,
				175F72131A3B4C900039B5F3 /* StageModel.m */,
				175F72151A3B4CA50039B5F3 /* TurnBlockModel.h */,
				175F72161A3B4CA50039B5F3 /* TurnBlockModel.m */,
			);
			name = PazzleView;
			sourceTree = "<group>";
		};
		175F720E1A3B4B8E0039B5F3 /* Setting */ = {
			isa = PBXGroup;
			children = (
				177C99801A3DE71F006D1569 /* UIColor+Hex.h */,
				177C99811A3DE71F006D1569 /* UIColor+Hex.m */,
				175F71DF1A3B21E90039B5F3 /* AppDelegate.h */,
				175F71E01A3B21E90039B5F3 /* AppDelegate.m */,
				175F72071A3B22310039B5F3 /* Const.h */,
				175F72081A3B22310039B5F3 /* Const.m */,
			);
			name = Setting;
			sourceTree = "<group>";
		};
		177C99831A3DF40E006D1569 /* image */ = {
			isa = PBXGroup;
			children = (
				177741F31A4175040036EA01 /* target4.png */,
				177742011A41882D0036EA01 /* Simple-Line-Icons-Set-Vol2-full_07.png */,
				177C99851A3DF437006D1569 /* 20081.png */,
				177741FF1A4178050036EA01 /* Simple-Line-Icons-full_03.png */,
			);
			name = image;
			sourceTree = "<group>";
		};
		177C99841A3DF422006D1569 /* datafile */ = {
			isa = PBXGroup;
			children = (
				177C99831A3DF40E006D1569 /* image */,
			);
			name = datafile;
			sourceTree = "<group>";
		};
/* End PBXGroup section */

/* Begin PBXNativeTarget section */
		175F71D71A3B21E90039B5F3 /* puzzle */ = {
			isa = PBXNativeTarget;
			buildConfigurationList = 175F71FE1A3B21E90039B5F3 /* Build configuration list for PBXNativeTarget "puzzle" */;
			buildPhases = (
				175F71D41A3B21E90039B5F3 /* Sources */,
				175F71D51A3B21E90039B5F3 /* Frameworks */,
				175F71D61A3B21E90039B5F3 /* Resources */,
			);
			buildRules = (
			);
			dependencies = (
			);
			name = puzzle;
			productName = puzzle;
			productReference = 175F71D81A3B21E90039B5F3 /* puzzle.app */;
			productType = "com.apple.product-type.application";
		};
		175F71F31A3B21E90039B5F3 /* puzzleTests */ = {
			isa = PBXNativeTarget;
			buildConfigurationList = 175F72011A3B21E90039B5F3 /* Build configuration list for PBXNativeTarget "puzzleTests" */;
			buildPhases = (
				175F71F01A3B21E90039B5F3 /* Sources */,
				175F71F11A3B21E90039B5F3 /* Frameworks */,
				175F71F21A3B21E90039B5F3 /* Resources */,
			);
			buildRules = (
			);
			dependencies = (
				175F71F61A3B21E90039B5F3 /* PBXTargetDependency */,
			);
			name = puzzleTests;
			productName = puzzleTests;
			productReference = 175F71F41A3B21E90039B5F3 /* puzzleTests.xctest */;
			productType = "com.apple.product-type.bundle.unit-test";
		};
/* End PBXNativeTarget section */

/* Begin PBXProject section */
		175F71D01A3B21E80039B5F3 /* Project object */ = {
			isa = PBXProject;
			attributes = {
				LastUpgradeCheck = 0610;
				ORGANIZATIONNAME = totta;
				TargetAttributes = {
					175F71D71A3B21E90039B5F3 = {
						CreatedOnToolsVersion = 6.1.1;
					};
					175F71F31A3B21E90039B5F3 = {
						CreatedOnToolsVersion = 6.1.1;
						TestTargetID = 175F71D71A3B21E90039B5F3;
					};
				};
			};
			buildConfigurationList = 175F71D31A3B21E80039B5F3 /* Build configuration list for PBXProject "puzzle" */;
			compatibilityVersion = "Xcode 3.2";
			developmentRegion = English;
			hasScannedForEncodings = 0;
			knownRegions = (
				en,
				Base,
			);
			mainGroup = 175F71CF1A3B21E80039B5F3;
			productRefGroup = 175F71D91A3B21E90039B5F3 /* Products */;
			projectDirPath = "";
			projectRoot = "";
			targets = (
				175F71D71A3B21E90039B5F3 /* puzzle */,
				175F71F31A3B21E90039B5F3 /* puzzleTests */,
			);
		};
/* End PBXProject section */

/* Begin PBXResourcesBuildPhase section */
		175F71D61A3B21E90039B5F3 /* Resources */ = {
			isa = PBXResourcesBuildPhase;
			buildActionMask = 2147483647;
			files = (
				177742001A4178050036EA01 /* Simple-Line-Icons-full_03.png in Resources */,
				175F71EA1A3B21E90039B5F3 /* Main.storyboard in Resources */,
				175F71EF1A3B21E90039B5F3 /* LaunchScreen.xib in Resources */,
				175F71EC1A3B21E90039B5F3 /* Images.xcassets in Resources */,
				177C99861A3DF437006D1569 /* 20081.png in Resources */,
				177741F41A4175040036EA01 /* target4.png in Resources */,
				177742021A41882D0036EA01 /* Simple-Line-Icons-Set-Vol2-full_07.png in Resources */,
			);
			runOnlyForDeploymentPostprocessing = 0;
		};
		175F71F21A3B21E90039B5F3 /* Resources */ = {
			isa = PBXResourcesBuildPhase;
			buildActionMask = 2147483647;
			files = (
			);
			runOnlyForDeploymentPostprocessing = 0;
		};
/* End PBXResourcesBuildPhase section */

/* Begin PBXSourcesBuildPhase section */
		175F71D41A3B21E90039B5F3 /* Sources */ = {
			isa = PBXSourcesBuildPhase;
			buildActionMask = 2147483647;
			files = (
				175F72171A3B4CA50039B5F3 /* TurnBlockModel.m in Sources */,
				175F71E11A3B21E90039B5F3 /* AppDelegate.m in Sources */,
				175F71E41A3B21E90039B5F3 /* puzzle.xcdatamodeld in Sources */,
				175F72141A3B4C900039B5F3 /* StageModel.m in Sources */,
				175F71E71A3B21E90039B5F3 /* ViewController.m in Sources */,
				177C99821A3DE71F006D1569 /* UIColor+Hex.m in Sources */,
				175F72091A3B22310039B5F3 /* Const.m in Sources */,
				175F71DE1A3B21E90039B5F3 /* main.m in Sources */,
			);
			runOnlyForDeploymentPostprocessing = 0;
		};
		175F71F01A3B21E90039B5F3 /* Sources */ = {
			isa = PBXSourcesBuildPhase;
			buildActionMask = 2147483647;
			files = (
				175F71FB1A3B21E90039B5F3 /* puzzleTests.m in Sources */,
			);
			runOnlyForDeploymentPostprocessing = 0;
		};
/* End PBXSourcesBuildPhase section */

/* Begin PBXTargetDependency section */
		175F71F61A3B21E90039B5F3 /* PBXTargetDependency */ = {
			isa = PBXTargetDependency;
			target = 175F71D71A3B21E90039B5F3 /* puzzle */;
			targetProxy = 175F71F51A3B21E90039B5F3 /* PBXContainerItemProxy */;
		};
/* End PBXTargetDependency section */

/* Begin PBXVariantGroup section */
		175F71E81A3B21E90039B5F3 /* Main.storyboard */ = {
			isa = PBXVariantGroup;
			children = (
				175F71E91A3B21E90039B5F3 /* Base */,
			);
			name = Main.storyboard;
			sourceTree = "<group>";
		};
		175F71ED1A3B21E90039B5F3 /* LaunchScreen.xib */ = {
			isa = PBXVariantGroup;
			children = (
				175F71EE1A3B21E90039B5F3 /* Base */,
			);
			name = LaunchScreen.xib;
			sourceTree = "<group>";
		};
/* End PBXVariantGroup section */

/* Begin XCBuildConfiguration section */
		175F71FC1A3B21E90039B5F3 /* Debug */ = {
			isa = XCBuildConfiguration;
			buildSettings = {
				ALWAYS_SEARCH_USER_PATHS = NO;
				CLANG_CXX_LANGUAGE_STANDARD = "gnu++0x";
				CLANG_CXX_LIBRARY = "libc++";
				CLANG_ENABLE_MODULES = YES;
				CLANG_ENABLE_OBJC_ARC = YES;
				CLANG_WARN_BOOL_CONVERSION = YES;
				CLANG_WARN_CONSTANT_CONVERSION = YES;
				CLANG_WARN_DIRECT_OBJC_ISA_USAGE = YES_ERROR;
				CLANG_WARN_EMPTY_BODY = YES;
				CLANG_WARN_ENUM_CONVERSION = YES;
				CLANG_WARN_INT_CONVERSION = YES;
				CLANG_WARN_OBJC_ROOT_CLASS = YES_ERROR;
				CLANG_WARN_UNREACHABLE_CODE = YES;
				CLANG_WARN__DUPLICATE_METHOD_MATCH = YES;
				"CODE_SIGN_IDENTITY[sdk=iphoneos*]" = "iPhone Developer";
				COPY_PHASE_STRIP = NO;
				ENABLE_STRICT_OBJC_MSGSEND = YES;
				GCC_C_LANGUAGE_STANDARD = gnu99;
				GCC_DYNAMIC_NO_PIC = NO;
				GCC_OPTIMIZATION_LEVEL = 0;
				GCC_PREPROCESSOR_DEFINITIONS = (
					"DEBUG=1",
					"$(inherited)",
				);
				GCC_SYMBOLS_PRIVATE_EXTERN = NO;
				GCC_WARN_64_TO_32_BIT_CONVERSION = YES;
				GCC_WARN_ABOUT_RETURN_TYPE = YES_ERROR;
				GCC_WARN_UNDECLARED_SELECTOR = YES;
				GCC_WARN_UNINITIALIZED_AUTOS = YES_AGGRESSIVE;
				GCC_WARN_UNUSED_FUNCTION = YES;
				GCC_WARN_UNUSED_VARIABLE = YES;
				IPHONEOS_DEPLOYMENT_TARGET = 8.1;
				MTL_ENABLE_DEBUG_INFO = YES;
				ONLY_ACTIVE_ARCH = YES;
				SDKROOT = iphoneos;
			};
			name = Debug;
		};
		175F71FD1A3B21E90039B5F3 /* Release */ = {
			isa = XCBuildConfiguration;
			buildSettings = {
				ALWAYS_SEARCH_USER_PATHS = NO;
				CLANG_CXX_LANGUAGE_STANDARD = "gnu++0x";
				CLANG_CXX_LIBRARY = "libc++";
				CLANG_ENABLE_MODULES = YES;
				CLANG_ENABLE_OBJC_ARC = YES;
				CLANG_WARN_BOOL_CONVERSION = YES;
				CLANG_WARN_CONSTANT_CONVERSION = YES;
				CLANG_WARN_DIRECT_OBJC_ISA_USAGE = YES_ERROR;
				CLANG_WARN_EMPTY_BODY = YES;
				CLANG_WARN_ENUM_CONVERSION = YES;
				CLANG_WARN_INT_CONVERSION = YES;
				CLANG_WARN_OBJC_ROOT_CLASS = YES_ERROR;
				CLANG_WARN_UNREACHABLE_CODE = YES;
				CLANG_WARN__DUPLICATE_METHOD_MATCH = YES;
				"CODE_SIGN_IDENTITY[sdk=iphoneos*]" = "iPhone Developer";
				COPY_PHASE_STRIP = YES;
				ENABLE_NS_ASSERTIONS = NO;
				ENABLE_STRICT_OBJC_MSGSEND = YES;
				GCC_C_LANGUAGE_STANDARD = gnu99;
				GCC_WARN_64_TO_32_BIT_CONVERSION = YES;
				GCC_WARN_ABOUT_RETURN_TYPE = YES_ERROR;
				GCC_WARN_UNDECLARED_SELECTOR = YES;
				GCC_WARN_UNINITIALIZED_AUTOS = YES_AGGRESSIVE;
				GCC_WARN_UNUSED_FUNCTION = YES;
				GCC_WARN_UNUSED_VARIABLE = YES;
				IPHONEOS_DEPLOYMENT_TARGET = 8.1;
				MTL_ENABLE_DEBUG_INFO = NO;
				SDKROOT = iphoneos;
				VALIDATE_PRODUCT = YES;
			};
			name = Release;
		};
		175F71FF1A3B21E90039B5F3 /* Debug */ = {
			isa = XCBuildConfiguration;
			buildSettings = {
				ASSETCATALOG_COMPILER_APPICON_NAME = AppIcon;
				INFOPLIST_FILE = puzzle/Info.plist;
				LD_RUNPATH_SEARCH_PATHS = "$(inherited) @executable_path/Frameworks";
				PRODUCT_NAME = "$(TARGET_NAME)";
			};
			name = Debug;
		};
		175F72001A3B21E90039B5F3 /* Release */ = {
			isa = XCBuildConfiguration;
			buildSettings = {
				ASSETCATALOG_COMPILER_APPICON_NAME = AppIcon;
				INFOPLIST_FILE = puzzle/Info.plist;
				LD_RUNPATH_SEARCH_PATHS = "$(inherited) @executable_path/Frameworks";
				PRODUCT_NAME = "$(TARGET_NAME)";
			};
			name = Release;
		};
		175F72021A3B21E90039B5F3 /* Debug */ = {
			isa = XCBuildConfiguration;
			buildSettings = {
				BUNDLE_LOADER = "$(TEST_HOST)";
				FRAMEWORK_SEARCH_PATHS = (
					"$(SDKROOT)/Developer/Library/Frameworks",
					"$(inherited)",
				);
				GCC_PREPROCESSOR_DEFINITIONS = (
					"DEBUG=1",
					"$(inherited)",
				);
				INFOPLIST_FILE = puzzleTests/Info.plist;
				LD_RUNPATH_SEARCH_PATHS = "$(inherited) @executable_path/Frameworks @loader_path/Frameworks";
				PRODUCT_NAME = "$(TARGET_NAME)";
				TEST_HOST = "$(BUILT_PRODUCTS_DIR)/puzzle.app/puzzle";
			};
			name = Debug;
		};
		175F72031A3B21E90039B5F3 /* Release */ = {
			isa = XCBuildConfiguration;
			buildSettings = {
				BUNDLE_LOADER = "$(TEST_HOST)";
				FRAMEWORK_SEARCH_PATHS = (
					"$(SDKROOT)/Developer/Library/Frameworks",
					"$(inherited)",
				);
				INFOPLIST_FILE = puzzleTests/Info.plist;
				LD_RUNPATH_SEARCH_PATHS = "$(inherited) @executable_path/Frameworks @loader_path/Frameworks";
				PRODUCT_NAME = "$(TARGET_NAME)";
				TEST_HOST = "$(BUILT_PRODUCTS_DIR)/puzzle.app/puzzle";
			};
			name = Release;
		};
/* End XCBuildConfiguration section */

/* Begin XCConfigurationList section */
		175F71D31A3B21E80039B5F3 /* Build configuration list for PBXProject "puzzle" */ = {
			isa = XCConfigurationList;
			buildConfigurations = (
				175F71FC1A3B21E90039B5F3 /* Debug */,
				175F71FD1A3B21E90039B5F3 /* Release */,
			);
			defaultConfigurationIsVisible = 0;
			defaultConfigurationName = Release;
		};
		175F71FE1A3B21E90039B5F3 /* Build configuration list for PBXNativeTarget "puzzle" */ = {
			isa = XCConfigurationList;
			buildConfigurations = (
				175F71FF1A3B21E90039B5F3 /* Debug */,
				175F72001A3B21E90039B5F3 /* Release */,
			);
			defaultConfigurationIsVisible = 0;
			defaultConfigurationName = Release;
		};
		175F72011A3B21E90039B5F3 /* Build configuration list for PBXNativeTarget "puzzleTests" */ = {
			isa = XCConfigurationList;
			buildConfigurations = (
				175F72021A3B21E90039B5F3 /* Debug */,
				175F72031A3B21E90039B5F3 /* Release */,
			);
			defaultConfigurationIsVisible = 0;
			defaultConfigurationName = Release;
		};
/* End XCConfigurationList section */

/* Begin XCVersionGroup section */
		175F71E21A3B21E90039B5F3 /* puzzle.xcdatamodeld */ = {
			isa = XCVersionGroup;
			children = (
				175F71E31A3B21E90039B5F3 /* puzzle.xcdatamodel */,
			);
			currentVersion = 175F71E31A3B21E90039B5F3 /* puzzle.xcdatamodel */;
			path = puzzle.xcdatamodeld;
			sourceTree = "<group>";
			versionGroupType = wrapper.xcdatamodel;
		};
/* End XCVersionGroup section */
	};
	rootObject = 175F71D01A3B21E80039B5F3 /* Project object */;
}
